
Microsoft Visual Studio Solution File, Format Version 12.00
# Visual Studio 2012
Project("{FAE04EC0-301F-11D3-BF4B-00C04F79EFBC}") = "Employee", "Employee\Employee.csproj", "{90D7598E-A311-4D6D-857E-4B3C763E7A70}"
EndProject
Project("{FAE04EC0-301F-11D3-BF4B-00C04F79EFBC}") = "Employee.iOS", "iOS\Employee.iOS.csproj", "{28762E6B-9080-4FE9-94AA-98F715596051}"
EndProject
Project("{FAE04EC0-301F-11D3-BF4B-00C04F79EFBC}") = "Employee.Droid", "Droid\Employee.Droid.csproj", "{F4D3EE62-08BC-4028-B316-F5D6FF9D5A5C}"
EndProject
Global
	GlobalSection(SolutionConfigurationPlatforms) = preSolution
		Debug|Any CPU = Debug|Any CPU
		Release|Any CPU = Release|Any CPU
		Debug|iPhoneSimulator = Debug|iPhoneSimulator
		Release|iPhone = Release|iPhone
		Release|iPhoneSimulator = Release|iPhoneSimulator
		Debug|iPhone = Debug|iPhone
	EndGlobalSection
	GlobalSection(ProjectConfigurationPlatforms) = postSolution
		{90D7598E-A311-4D6D-857E-4B3C763E7A70}.Debug|Any CPU.ActiveCfg = Debug|Any CPU
		{90D7598E-A311-4D6D-857E-4B3C763E7A70}.Debug|Any CPU.Build.0 = Debug|Any CPU
		{90D7598E-A311-4D6D-857E-4B3C763E7A70}.Release|Any CPU.ActiveCfg = Release|Any CPU
		{90D7598E-A311-4D6D-857E-4B3C763E7A70}.Release|Any CPU.Build.0 = Release|Any CPU
		{90D7598E-A311-4D6D-857E-4B3C763E7A70}.Debug|iPhoneSimulator.ActiveCfg = Debug|Any CPU
		{90D7598E-A311-4D6D-857E-4B3C763E7A70}.Debug|iPhoneSimulator.Build.0 = Debug|Any CPU
		{90D7598E-A311-4D6D-857E-4B3C763E7A70}.Release|iPhone.ActiveCfg = Release|Any CPU
		{90D7598E-A311-4D6D-857E-4B3C763E7A70}.Release|iPhone.Build.0 = Release|Any CPU
		{90D7598E-A311-4D6D-857E-4B3C763E7A70}.Release|iPhoneSimulator.ActiveCfg = Release|Any CPU
		{90D7598E-A311-4D6D-857E-4B3C763E7A70}.Release|iPhoneSimulator.Build.0 = Release|Any CPU
		{90D7598E-A311-4D6D-857E-4B3C763E7A70}.Debug|iPhone.ActiveCfg = Debug|Any CPU
		{90D7598E-A311-4D6D-857E-4B3C763E7A70}.Debug|iPhone.Build.0 = Debug|Any CPU
		{28762E6B-9080-4FE9-94AA-98F715596051}.Debug|Any CPU.ActiveCfg = Debug|iPhoneSimulator
		{28762E6B-9080-4FE9-94AA-98F715596051}.Debug|Any CPU.Build.0 = Debug|iPhoneSimulator
		{28762E6B-9080-4FE9-94AA-98F715596051}.Release|Any CPU.ActiveCfg = Release|iPhone
		{28762E6B-9080-4FE9-94AA-98F715596051}.Release|Any CPU.Build.0 = Release|iPhone
		{28762E6B-9080-4FE9-94AA-98F715596051}.Debug|iPhoneSimulator.ActiveCfg = Debug|iPhoneSimulator
		{28762E6B-9080-4FE9-94AA-98F715596051}.Debug|iPhoneSimulator.Build.0 = Debug|iPhoneSimulator
		{28762E6B-9080-4FE9-94AA-98F715596051}.Release|iPhone.ActiveCfg = Release|iPhone
		{28762E6B-9080-4FE9-94AA-98F715596051}.Release|iPhone.Build.0 = Release|iPhone
		{28762E6B-9080-4FE9-94AA-98F715596051}.Release|iPhoneSimulator.ActiveCfg = Release|iPhoneSimulator
		{28762E6B-9080-4FE9-94AA-98F715596051}.Release|iPhoneSimulator.Build.0 = Release|iPhoneSimulator
		{28762E6B-9080-4FE9-94AA-98F715596051}.Debug|iPhone.ActiveCfg = Debug|iPhone
		{28762E6B-9080-4FE9-94AA-98F715596051}.Debug|iPhone.Build.0 = Debug|iPhone
		{F4D3EE62-08BC-4028-B316-F5D6FF9D5A5C}.Debug|Any CPU.ActiveCfg = Debug|Any CPU
		{F4D3EE62-08BC-4028-B316-F5D6FF9D5A5C}.Debug|Any CPU.Build.0 = Debug|Any CPU
		{F4D3EE62-08BC-4028-B316-F5D6FF9D5A5C}.Release|Any CPU.ActiveCfg = Release|Any CPU
		{F4D3EE62-08BC-4028-B316-F5D6FF9D5A5C}.Release|Any CPU.Build.0 = Release|Any CPU
		{F4D3EE62-08BC-4028-B316-F5D6FF9D5A5C}.Debug|iPhoneSimulator.ActiveCfg = Debug|Any CPU
		{F4D3EE62-08BC-4028-B316-F5D6FF9D5A5C}.Debug|iPhoneSimulator.Build.0 = Debug|Any CPU
		{F4D3EE62-08BC-4028-B316-F5D6FF9D5A5C}.Release|iPhone.ActiveCfg = Release|Any CPU
		{F4D3EE62-08BC-4028-B316-F5D6FF9D5A5C}.Release|iPhone.Build.0 = Release|Any CPU
		{F4D3EE62-08BC-4028-B316-F5D6FF9D5A5C}.Release|iPhoneSimulator.ActiveCfg = Release|Any CPU
		{F4D3EE62-08BC-4028-B316-F5D6FF9D5A5C}.Release|iPhoneSimulator.Build.0 = Release|Any CPU
		{F4D3EE62-08BC-4028-B316-F5D6FF9D5A5C}.Debug|iPhone.ActiveCfg = Debug|Any CPU
		{F4D3EE62-08BC-4028-B316-F5D6FF9D5A5C}.Debug|iPhone.Build.0 = Debug|Any CPU
	EndGlobalSection
EndGlobal
