
Microsoft Visual Studio Solution File, Format Version 12.00
# Visual Studio 14
VisualStudioVersion = 14.0.25420.1
MinimumVisualStudioVersion = 10.0.40219.1
Project("{FAE04EC0-301F-11D3-BF4B-00C04F79EFBC}") = "LiveWell", "LiveWell\LiveWell\LiveWell.csproj", "{48BAC334-1638-4918-BA30-4F583D3DC504}"
EndProject
Project("{FAE04EC0-301F-11D3-BF4B-00C04F79EFBC}") = "LiveWell.Droid", "LiveWell\LiveWell.Droid\LiveWell.Droid.csproj", "{D3A2D205-E982-4C6E-82D8-917D1F09B900}"
EndProject
Project("{FAE04EC0-301F-11D3-BF4B-00C04F79EFBC}") = "LiveWell.iOS", "LiveWell\LiveWell.iOS\LiveWell.iOS.csproj", "{BAE46BD7-3D8A-43C3-9C90-0207C4EEB5C8}"
EndProject
Global
	GlobalSection(SolutionConfigurationPlatforms) = preSolution
		Ad-Hoc|Any CPU = Ad-Hoc|Any CPU
		Ad-Hoc|iPhone = Ad-Hoc|iPhone
		Ad-Hoc|iPhoneSimulator = Ad-Hoc|iPhoneSimulator
		AppStore|Any CPU = AppStore|Any CPU
		AppStore|iPhone = AppStore|iPhone
		AppStore|iPhoneSimulator = AppStore|iPhoneSimulator
		Debug|Any CPU = Debug|Any CPU
		Debug|iPhone = Debug|iPhone
		Debug|iPhoneSimulator = Debug|iPhoneSimulator
		Release|Any CPU = Release|Any CPU
		Release|iPhone = Release|iPhone
		Release|iPhoneSimulator = Release|iPhoneSimulator
	EndGlobalSection
	GlobalSection(ProjectConfigurationPlatforms) = postSolution
		{48BAC334-1638-4918-BA30-4F583D3DC504}.Ad-Hoc|Any CPU.ActiveCfg = Release|Any CPU
		{48BAC334-1638-4918-BA30-4F583D3DC504}.Ad-Hoc|Any CPU.Build.0 = Release|Any CPU
		{48BAC334-1638-4918-BA30-4F583D3DC504}.Ad-Hoc|iPhone.ActiveCfg = Release|Any CPU
		{48BAC334-1638-4918-BA30-4F583D3DC504}.Ad-Hoc|iPhone.Build.0 = Release|Any CPU
		{48BAC334-1638-4918-BA30-4F583D3DC504}.Ad-Hoc|iPhoneSimulator.ActiveCfg = Release|Any CPU
		{48BAC334-1638-4918-BA30-4F583D3DC504}.Ad-Hoc|iPhoneSimulator.Build.0 = Release|Any CPU
		{48BAC334-1638-4918-BA30-4F583D3DC504}.AppStore|Any CPU.ActiveCfg = Release|Any CPU
		{48BAC334-1638-4918-BA30-4F583D3DC504}.AppStore|Any CPU.Build.0 = Release|Any CPU
		{48BAC334-1638-4918-BA30-4F583D3DC504}.AppStore|iPhone.ActiveCfg = Release|Any CPU
		{48BAC334-1638-4918-BA30-4F583D3DC504}.AppStore|iPhone.Build.0 = Release|Any CPU
		{48BAC334-1638-4918-BA30-4F583D3DC504}.AppStore|iPhoneSimulator.ActiveCfg = Release|Any CPU
		{48BAC334-1638-4918-BA30-4F583D3DC504}.AppStore|iPhoneSimulator.Build.0 = Release|Any CPU
		{48BAC334-1638-4918-BA30-4F583D3DC504}.Debug|Any CPU.ActiveCfg = Debug|Any CPU
		{48BAC334-1638-4918-BA30-4F583D3DC504}.Debug|Any CPU.Build.0 = Debug|Any CPU
		{48BAC334-1638-4918-BA30-4F583D3DC504}.Debug|iPhone.ActiveCfg = Debug|Any CPU
		{48BAC334-1638-4918-BA30-4F583D3DC504}.Debug|iPhone.Build.0 = Debug|Any CPU
		{48BAC334-1638-4918-BA30-4F583D3DC504}.Debug|iPhoneSimulator.ActiveCfg = Debug|Any CPU
		{48BAC334-1638-4918-BA30-4F583D3DC504}.Debug|iPhoneSimulator.Build.0 = Debug|Any CPU
		{48BAC334-1638-4918-BA30-4F583D3DC504}.Release|Any CPU.ActiveCfg = Release|Any CPU
		{48BAC334-1638-4918-BA30-4F583D3DC504}.Release|Any CPU.Build.0 = Release|Any CPU
		{48BAC334-1638-4918-BA30-4F583D3DC504}.Release|iPhone.ActiveCfg = Release|Any CPU
		{48BAC334-1638-4918-BA30-4F583D3DC504}.Release|iPhone.Build.0 = Release|Any CPU
		{48BAC334-1638-4918-BA30-4F583D3DC504}.Release|iPhoneSimulator.ActiveCfg = Release|Any CPU
		{48BAC334-1638-4918-BA30-4F583D3DC504}.Release|iPhoneSimulator.Build.0 = Release|Any CPU
		{D3A2D205-E982-4C6E-82D8-917D1F09B900}.Ad-Hoc|Any CPU.ActiveCfg = Release|Any CPU
		{D3A2D205-E982-4C6E-82D8-917D1F09B900}.Ad-Hoc|Any CPU.Build.0 = Release|Any CPU
		{D3A2D205-E982-4C6E-82D8-917D1F09B900}.Ad-Hoc|Any CPU.Deploy.0 = Release|Any CPU
		{D3A2D205-E982-4C6E-82D8-917D1F09B900}.Ad-Hoc|iPhone.ActiveCfg = Release|Any CPU
		{D3A2D205-E982-4C6E-82D8-917D1F09B900}.Ad-Hoc|iPhone.Build.0 = Release|Any CPU
		{D3A2D205-E982-4C6E-82D8-917D1F09B900}.Ad-Hoc|iPhone.Deploy.0 = Release|Any CPU
		{D3A2D205-E982-4C6E-82D8-917D1F09B900}.Ad-Hoc|iPhoneSimulator.ActiveCfg = Release|Any CPU
		{D3A2D205-E982-4C6E-82D8-917D1F09B900}.Ad-Hoc|iPhoneSimulator.Build.0 = Release|Any CPU
		{D3A2D205-E982-4C6E-82D8-917D1F09B900}.Ad-Hoc|iPhoneSimulator.Deploy.0 = Release|Any CPU
		{D3A2D205-E982-4C6E-82D8-917D1F09B900}.AppStore|Any CPU.ActiveCfg = Release|Any CPU
		{D3A2D205-E982-4C6E-82D8-917D1F09B900}.AppStore|Any CPU.Build.0 = Release|Any CPU
		{D3A2D205-E982-4C6E-82D8-917D1F09B900}.AppStore|Any CPU.Deploy.0 = Release|Any CPU
		{D3A2D205-E982-4C6E-82D8-917D1F09B900}.AppStore|iPhone.ActiveCfg = Release|Any CPU
		{D3A2D205-E982-4C6E-82D8-917D1F09B900}.AppStore|iPhone.Build.0 = Release|Any CPU
		{D3A2D205-E982-4C6E-82D8-917D1F09B900}.AppStore|iPhone.Deploy.0 = Release|Any CPU
		{D3A2D205-E982-4C6E-82D8-917D1F09B900}.AppStore|iPhoneSimulator.ActiveCfg = Release|Any CPU
		{D3A2D205-E982-4C6E-82D8-917D1F09B900}.AppStore|iPhoneSimulator.Build.0 = Release|Any CPU
		{D3A2D205-E982-4C6E-82D8-917D1F09B900}.AppStore|iPhoneSimulator.Deploy.0 = Release|Any CPU
		{D3A2D205-E982-4C6E-82D8-917D1F09B900}.Debug|Any CPU.ActiveCfg = Debug|Any CPU
		{D3A2D205-E982-4C6E-82D8-917D1F09B900}.Debug|Any CPU.Build.0 = Debug|Any CPU
		{D3A2D205-E982-4C6E-82D8-917D1F09B900}.Debug|Any CPU.Deploy.0 = Debug|Any CPU
		{D3A2D205-E982-4C6E-82D8-917D1F09B900}.Debug|iPhone.ActiveCfg = Debug|Any CPU
		{D3A2D205-E982-4C6E-82D8-917D1F09B900}.Debug|iPhone.Build.0 = Debug|Any CPU
		{D3A2D205-E982-4C6E-82D8-917D1F09B900}.Debug|iPhone.Deploy.0 = Debug|Any CPU
		{D3A2D205-E982-4C6E-82D8-917D1F09B900}.Debug|iPhoneSimulator.ActiveCfg = Debug|Any CPU
		{D3A2D205-E982-4C6E-82D8-917D1F09B900}.Debug|iPhoneSimulator.Build.0 = Debug|Any CPU
		{D3A2D205-E982-4C6E-82D8-917D1F09B900}.Debug|iPhoneSimulator.Deploy.0 = Debug|Any CPU
		{D3A2D205-E982-4C6E-82D8-917D1F09B900}.Release|Any CPU.ActiveCfg = Release|Any CPU
		{D3A2D205-E982-4C6E-82D8-917D1F09B900}.Release|Any CPU.Build.0 = Release|Any CPU
		{D3A2D205-E982-4C6E-82D8-917D1F09B900}.Release|Any CPU.Deploy.0 = Release|Any CPU
		{D3A2D205-E982-4C6E-82D8-917D1F09B900}.Release|iPhone.ActiveCfg = Release|Any CPU
		{D3A2D205-E982-4C6E-82D8-917D1F09B900}.Release|iPhone.Build.0 = Release|Any CPU
		{D3A2D205-E982-4C6E-82D8-917D1F09B900}.Release|iPhone.Deploy.0 = Release|Any CPU
		{D3A2D205-E982-4C6E-82D8-917D1F09B900}.Release|iPhoneSimulator.ActiveCfg = Release|Any CPU
		{D3A2D205-E982-4C6E-82D8-917D1F09B900}.Release|iPhoneSimulator.Build.0 = Release|Any CPU
		{D3A2D205-E982-4C6E-82D8-917D1F09B900}.Release|iPhoneSimulator.Deploy.0 = Release|Any CPU
		{BAE46BD7-3D8A-43C3-9C90-0207C4EEB5C8}.Ad-Hoc|Any CPU.ActiveCfg = Ad-Hoc|iPhone
		{BAE46BD7-3D8A-43C3-9C90-0207C4EEB5C8}.Ad-Hoc|iPhone.ActiveCfg = Ad-Hoc|iPhone
		{BAE46BD7-3D8A-43C3-9C90-0207C4EEB5C8}.Ad-Hoc|iPhone.Build.0 = Ad-Hoc|iPhone
		{BAE46BD7-3D8A-43C3-9C90-0207C4EEB5C8}.Ad-Hoc|iPhoneSimulator.ActiveCfg = Ad-Hoc|iPhoneSimulator
		{BAE46BD7-3D8A-43C3-9C90-0207C4EEB5C8}.Ad-Hoc|iPhoneSimulator.Build.0 = Ad-Hoc|iPhoneSimulator
		{BAE46BD7-3D8A-43C3-9C90-0207C4EEB5C8}.AppStore|Any CPU.ActiveCfg = AppStore|iPhone
		{BAE46BD7-3D8A-43C3-9C90-0207C4EEB5C8}.AppStore|iPhone.ActiveCfg = AppStore|iPhone
		{BAE46BD7-3D8A-43C3-9C90-0207C4EEB5C8}.AppStore|iPhone.Build.0 = AppStore|iPhone
		{BAE46BD7-3D8A-43C3-9C90-0207C4EEB5C8}.AppStore|iPhoneSimulator.ActiveCfg = AppStore|iPhoneSimulator
		{BAE46BD7-3D8A-43C3-9C90-0207C4EEB5C8}.AppStore|iPhoneSimulator.Build.0 = AppStore|iPhoneSimulator
		{BAE46BD7-3D8A-43C3-9C90-0207C4EEB5C8}.Debug|Any CPU.ActiveCfg = Debug|iPhone
		{BAE46BD7-3D8A-43C3-9C90-0207C4EEB5C8}.Debug|iPhone.ActiveCfg = Debug|iPhone
		{BAE46BD7-3D8A-43C3-9C90-0207C4EEB5C8}.Debug|iPhone.Build.0 = Debug|iPhone
		{BAE46BD7-3D8A-43C3-9C90-0207C4EEB5C8}.Debug|iPhoneSimulator.ActiveCfg = Debug|iPhoneSimulator
		{BAE46BD7-3D8A-43C3-9C90-0207C4EEB5C8}.Debug|iPhoneSimulator.Build.0 = Debug|iPhoneSimulator
		{BAE46BD7-3D8A-43C3-9C90-0207C4EEB5C8}.Release|Any CPU.ActiveCfg = Release|iPhone
		{BAE46BD7-3D8A-43C3-9C90-0207C4EEB5C8}.Release|iPhone.ActiveCfg = Release|iPhone
		{BAE46BD7-3D8A-43C3-9C90-0207C4EEB5C8}.Release|iPhone.Build.0 = Release|iPhone
		{BAE46BD7-3D8A-43C3-9C90-0207C4EEB5C8}.Release|iPhoneSimulator.ActiveCfg = Release|iPhoneSimulator
		{BAE46BD7-3D8A-43C3-9C90-0207C4EEB5C8}.Release|iPhoneSimulator.Build.0 = Release|iPhoneSimulator
	EndGlobalSection
	GlobalSection(SolutionProperties) = preSolution
		HideSolutionNode = FALSE
	EndGlobalSection
EndGlobal
