
Microsoft Visual Studio Solution File, Format Version 12.00
# Visual Studio 2012
Project("{FAE04EC0-301F-11D3-BF4B-00C04F79EFBC}") = "NavigationNewTest", "NavigationNewTest\NavigationNewTest.csproj", "{0C4FE21D-D83B-4A7E-BFE7-4D163E02126B}"
EndProject
Project("{FAE04EC0-301F-11D3-BF4B-00C04F79EFBC}") = "NavigationNewTest.iOS", "iOS\NavigationNewTest.iOS.csproj", "{644918DF-FC99-43E6-8098-C49E60FA03E2}"
EndProject
Project("{FAE04EC0-301F-11D3-BF4B-00C04F79EFBC}") = "NavigationNewTest.Droid", "Droid\NavigationNewTest.Droid.csproj", "{791BD539-99B1-4B97-8982-3A1A98BD2482}"
EndProject
Global
	GlobalSection(SolutionConfigurationPlatforms) = preSolution
		Debug|Any CPU = Debug|Any CPU
		Release|Any CPU = Release|Any CPU
		Debug|iPhoneSimulator = Debug|iPhoneSimulator
		Release|iPhone = Release|iPhone
		Release|iPhoneSimulator = Release|iPhoneSimulator
		Debug|iPhone = Debug|iPhone
	EndGlobalSection
	GlobalSection(ProjectConfigurationPlatforms) = postSolution
		{0C4FE21D-D83B-4A7E-BFE7-4D163E02126B}.Debug|Any CPU.ActiveCfg = Debug|Any CPU
		{0C4FE21D-D83B-4A7E-BFE7-4D163E02126B}.Debug|Any CPU.Build.0 = Debug|Any CPU
		{0C4FE21D-D83B-4A7E-BFE7-4D163E02126B}.Release|Any CPU.ActiveCfg = Release|Any CPU
		{0C4FE21D-D83B-4A7E-BFE7-4D163E02126B}.Release|Any CPU.Build.0 = Release|Any CPU
		{0C4FE21D-D83B-4A7E-BFE7-4D163E02126B}.Debug|iPhoneSimulator.ActiveCfg = Debug|Any CPU
		{0C4FE21D-D83B-4A7E-BFE7-4D163E02126B}.Debug|iPhoneSimulator.Build.0 = Debug|Any CPU
		{0C4FE21D-D83B-4A7E-BFE7-4D163E02126B}.Release|iPhone.ActiveCfg = Release|Any CPU
		{0C4FE21D-D83B-4A7E-BFE7-4D163E02126B}.Release|iPhone.Build.0 = Release|Any CPU
		{0C4FE21D-D83B-4A7E-BFE7-4D163E02126B}.Release|iPhoneSimulator.ActiveCfg = Release|Any CPU
		{0C4FE21D-D83B-4A7E-BFE7-4D163E02126B}.Release|iPhoneSimulator.Build.0 = Release|Any CPU
		{0C4FE21D-D83B-4A7E-BFE7-4D163E02126B}.Debug|iPhone.ActiveCfg = Debug|Any CPU
		{0C4FE21D-D83B-4A7E-BFE7-4D163E02126B}.Debug|iPhone.Build.0 = Debug|Any CPU
		{644918DF-FC99-43E6-8098-C49E60FA03E2}.Debug|Any CPU.ActiveCfg = Debug|iPhoneSimulator
		{644918DF-FC99-43E6-8098-C49E60FA03E2}.Debug|Any CPU.Build.0 = Debug|iPhoneSimulator
		{644918DF-FC99-43E6-8098-C49E60FA03E2}.Release|Any CPU.ActiveCfg = Release|iPhone
		{644918DF-FC99-43E6-8098-C49E60FA03E2}.Release|Any CPU.Build.0 = Release|iPhone
		{644918DF-FC99-43E6-8098-C49E60FA03E2}.Debug|iPhoneSimulator.ActiveCfg = Debug|iPhoneSimulator
		{644918DF-FC99-43E6-8098-C49E60FA03E2}.Debug|iPhoneSimulator.Build.0 = Debug|iPhoneSimulator
		{644918DF-FC99-43E6-8098-C49E60FA03E2}.Release|iPhone.ActiveCfg = Release|iPhone
		{644918DF-FC99-43E6-8098-C49E60FA03E2}.Release|iPhone.Build.0 = Release|iPhone
		{644918DF-FC99-43E6-8098-C49E60FA03E2}.Release|iPhoneSimulator.ActiveCfg = Release|iPhoneSimulator
		{644918DF-FC99-43E6-8098-C49E60FA03E2}.Release|iPhoneSimulator.Build.0 = Release|iPhoneSimulator
		{644918DF-FC99-43E6-8098-C49E60FA03E2}.Debug|iPhone.ActiveCfg = Debug|iPhone
		{644918DF-FC99-43E6-8098-C49E60FA03E2}.Debug|iPhone.Build.0 = Debug|iPhone
		{791BD539-99B1-4B97-8982-3A1A98BD2482}.Debug|Any CPU.ActiveCfg = Debug|Any CPU
		{791BD539-99B1-4B97-8982-3A1A98BD2482}.Debug|Any CPU.Build.0 = Debug|Any CPU
		{791BD539-99B1-4B97-8982-3A1A98BD2482}.Release|Any CPU.ActiveCfg = Release|Any CPU
		{791BD539-99B1-4B97-8982-3A1A98BD2482}.Release|Any CPU.Build.0 = Release|Any CPU
		{791BD539-99B1-4B97-8982-3A1A98BD2482}.Debug|iPhoneSimulator.ActiveCfg = Debug|Any CPU
		{791BD539-99B1-4B97-8982-3A1A98BD2482}.Debug|iPhoneSimulator.Build.0 = Debug|Any CPU
		{791BD539-99B1-4B97-8982-3A1A98BD2482}.Release|iPhone.ActiveCfg = Release|Any CPU
		{791BD539-99B1-4B97-8982-3A1A98BD2482}.Release|iPhone.Build.0 = Release|Any CPU
		{791BD539-99B1-4B97-8982-3A1A98BD2482}.Release|iPhoneSimulator.ActiveCfg = Release|Any CPU
		{791BD539-99B1-4B97-8982-3A1A98BD2482}.Release|iPhoneSimulator.Build.0 = Release|Any CPU
		{791BD539-99B1-4B97-8982-3A1A98BD2482}.Debug|iPhone.ActiveCfg = Debug|Any CPU
		{791BD539-99B1-4B97-8982-3A1A98BD2482}.Debug|iPhone.Build.0 = Debug|Any CPU
	EndGlobalSection
EndGlobal
